
Microsoft Visual Studio Solution File, Format Version 12.00
# Visual Studio Version 17
VisualStudioVersion = 17.0.31903.59
MinimumVisualStudioVersion = 10.0.40219.1
Project("{9A19103F-16F7-4668-BE54-9A1E7A4F7556}") = "Game.Database", "Game.Database\Game.Database.csproj", "{4372AD9B-0339-49C8-B684-5F0123138CA5}"
EndProject
Project("{9A19103F-16F7-4668-BE54-9A1E7A4F7556}") = "Game.Core", "Game.Core\Game.Core.csproj", "{422A6BE9-8468-47E2-AD88-10CA849B838B}"
EndProject
Project("{FAE04EC0-301F-11D3-BF4B-00C04F79EFBC}") = "Game.Telegram", "Game.Telegram\Game.Telegram.csproj", "{59FFEFFA-2231-4F02-AD12-A22FE2383964}"
EndProject
Project("{FAE04EC0-301F-11D3-BF4B-00C04F79EFBC}") = "Game.WebAPI", "Game.WebAPI\Game.WebAPI.csproj", "{35F72E80-469C-4CA5-910B-81BC2A8AC665}"
EndProject
Project("{FAE04EC0-301F-11D3-BF4B-00C04F79EFBC}") = "Game.Discord", "Game.Discord\Game.Discord.csproj", "{8A2853BF-3BA8-4F00-8912-6EE179A92EA5}"
EndProject
Global
	GlobalSection(SolutionConfigurationPlatforms) = preSolution
		Debug|Any CPU = Debug|Any CPU
		Release|Any CPU = Release|Any CPU
	EndGlobalSection
	GlobalSection(ProjectConfigurationPlatforms) = postSolution
		{4372AD9B-0339-49C8-B684-5F0123138CA5}.Debug|Any CPU.ActiveCfg = Debug|Any CPU
		{4372AD9B-0339-49C8-B684-5F0123138CA5}.Debug|Any CPU.Build.0 = Debug|Any CPU
		{4372AD9B-0339-49C8-B684-5F0123138CA5}.Release|Any CPU.ActiveCfg = Release|Any CPU
		{4372AD9B-0339-49C8-B684-5F0123138CA5}.Release|Any CPU.Build.0 = Release|Any CPU
		{422A6BE9-8468-47E2-AD88-10CA849B838B}.Debug|Any CPU.ActiveCfg = Debug|Any CPU
		{422A6BE9-8468-47E2-AD88-10CA849B838B}.Debug|Any CPU.Build.0 = Debug|Any CPU
		{422A6BE9-8468-47E2-AD88-10CA849B838B}.Release|Any CPU.ActiveCfg = Release|Any CPU
		{422A6BE9-8468-47E2-AD88-10CA849B838B}.Release|Any CPU.Build.0 = Release|Any CPU
		{59FFEFFA-2231-4F02-AD12-A22FE2383964}.Debug|Any CPU.ActiveCfg = Debug|Any CPU
		{59FFEFFA-2231-4F02-AD12-A22FE2383964}.Debug|Any CPU.Build.0 = Debug|Any CPU
		{59FFEFFA-2231-4F02-AD12-A22FE2383964}.Release|Any CPU.ActiveCfg = Release|Any CPU
		{59FFEFFA-2231-4F02-AD12-A22FE2383964}.Release|Any CPU.Build.0 = Release|Any CPU
		{35F72E80-469C-4CA5-910B-81BC2A8AC665}.Debug|Any CPU.ActiveCfg = Debug|Any CPU
		{35F72E80-469C-4CA5-910B-81BC2A8AC665}.Debug|Any CPU.Build.0 = Debug|Any CPU
		{35F72E80-469C-4CA5-910B-81BC2A8AC665}.Release|Any CPU.ActiveCfg = Release|Any CPU
		{35F72E80-469C-4CA5-910B-81BC2A8AC665}.Release|Any CPU.Build.0 = Release|Any CPU
		{8A2853BF-3BA8-4F00-8912-6EE179A92EA5}.Debug|Any CPU.ActiveCfg = Debug|Any CPU
		{8A2853BF-3BA8-4F00-8912-6EE179A92EA5}.Debug|Any CPU.Build.0 = Debug|Any CPU
		{8A2853BF-3BA8-4F00-8912-6EE179A92EA5}.Release|Any CPU.ActiveCfg = Release|Any CPU
		{8A2853BF-3BA8-4F00-8912-6EE179A92EA5}.Release|Any CPU.Build.0 = Release|Any CPU
	EndGlobalSection
	GlobalSection(SolutionProperties) = preSolution
		HideSolutionNode = FALSE
	EndGlobalSection
	GlobalSection(ExtensibilityGlobals) = postSolution
		SolutionGuid = {944C734C-2923-496A-9DDB-197780591F21}
	EndGlobalSection
EndGlobal
